
Microsoft Visual Studio Solution File, Format Version 12.00
# Visual Studio Version 17
VisualStudioVersion = 17.14.37516.0 d17.14
MinimumVisualStudioVersion = 10.0.40219.1
Project("{FAE04EC0-301F-11D3-BF4B-00C04F79EFBC}") = "NotOrtalamasıHesaplayıcı", "NotOrtalamasıHesaplayıcı\NotOrtalamasıHesaplayıcı.csproj", "{3855F084-8E8C-4CBF-AE96-6B81D7FAF3C6}"
EndProject
Global
	GlobalSection(SolutionConfigurationPlatforms) = preSolution
		Debug|Any CPU = Debug|Any CPU
		Release|Any CPU = Release|Any CPU
	EndGlobalSection
	GlobalSection(ProjectConfigurationPlatforms) = postSolution
		{3855F084-8E8C-4CBF-AE96-6B81D7FAF3C6}.Debug|Any CPU.ActiveCfg = Debug|Any CPU
		{3855F084-8E8C-4CBF-AE96-6B81D7FAF3C6}.Debug|Any CPU.Build.0 = Debug|Any CPU
		{3855F084-8E8C-4CBF-AE96-6B81D7FAF3C6}.Release|Any CPU.ActiveCfg = Release|Any CPU
		{3855F084-8E8C-4CBF-AE96-6B81D7FAF3C6}.Release|Any CPU.Build.0 = Release|Any CPU
	EndGlobalSection
	GlobalSection(SolutionProperties) = preSolution
		HideSolutionNode = FALSE
	EndGlobalSection
	GlobalSection(ExtensibilityGlobals) = postSolution
		SolutionGuid = {E1727DD3-C820-4405-B4BB-5C5C60CF048B}
	EndGlobalSection
EndGlobal
